
Microsoft Visual Studio Solution File, Format Version 12.00
# Visual Studio Version 17
VisualStudioVersion = 17.1.32421.90
MinimumVisualStudioVersion = 10.0.40219.1
Project("{FAE04EC0-301F-11D3-BF4B-00C04F79EFBC}") = "LineComparisonComputation", "LineComparisonComputation.csproj", "{37881039-77E3-44B8-97A5-EF34D269F42C}"
EndProject
Global
	GlobalSection(SolutionConfigurationPlatforms) = preSolution
		Debug|Any CPU = Debug|Any CPU
		Release|Any CPU = Release|Any CPU
	EndGlobalSection
	GlobalSection(ProjectConfigurationPlatforms) = postSolution
		{37881039-77E3-44B8-97A5-EF34D269F42C}.Debug|Any CPU.ActiveCfg = Debug|Any CPU
		{37881039-77E3-44B8-97A5-EF34D269F42C}.Debug|Any CPU.Build.0 = Debug|Any CPU
		{37881039-77E3-44B8-97A5-EF34D269F42C}.Release|Any CPU.ActiveCfg = Release|Any CPU
		{37881039-77E3-44B8-97A5-EF34D269F42C}.Release|Any CPU.Build.0 = Release|Any CPU
	EndGlobalSection
	GlobalSection(SolutionProperties) = preSolution
		HideSolutionNode = FALSE
	EndGlobalSection
	GlobalSection(ExtensibilityGlobals) = postSolution
		SolutionGuid = {B31AB9D8-5E7A-435D-9BC4-32098B8068A3}
	EndGlobalSection
EndGlobal
